// !$*UTF8*$!
{
	archiveVersion = 1;
	classes = {
	};
	objectVersion = 55;
	objects = {

/* Begin PBXBuildFile section */
		E4DF554328C61DA10086D115 /* INTROApp.swift in Sources */ = {isa = PBXBuildFile; fileRef = E4DF554228C61DA10086D115 /* INTROApp.swift */; };
		E4DF554528C61DA10086D115 /* ContentView.swift in Sources */ = {isa = PBXBuildFile; fileRef = E4DF554428C61DA10086D115 /* ContentView.swift */; };
		E4DF554728C61DA20086D115 /* Assets.xcassets in Resources */ = {isa = PBXBuildFile; fileRef = E4DF554628C61DA20086D115 /* Assets.xcassets */; };
		E4DF554A28C61DA20086D115 /* Preview Assets.xcassets in Resources */ = {isa = PBXBuildFile; fileRef = E4DF554928C61DA20086D115 /* Preview Assets.xcassets */; };
		E4DF555428C61DA20086D115 /* INTROTests.swift in Sources */ = {isa = PBXBuildFile; fileRef = E4DF555328C61DA20086D115 /* INTROTests.swift */; };
		E4DF555E28C61DA20086D115 /* INTROUITests.swift in Sources */ = {isa = PBXBuildFile; fileRef = E4DF555D28C61DA20086D115 /* INTROUITests.swift */; };
		E4DF556028C61DA20086D115 /* INTROUITestsLaunchTests.swift in Sources */ = {isa = PBXBuildFile; fileRef = E4DF555F28C61DA20086D115 /* INTROUITestsLaunchTests.swift */; };
/* End PBXBuildFile section */

/* Begin PBXContainerItemProxy section */
		E4DF555028C61DA20086D115 /* PBXContainerItemProxy */ = {
			isa = PBXContainerItemProxy;
			containerPortal = E4DF553728C61DA10086D115 /* Project object */;
			proxyType = 1;
			remoteGlobalIDString = E4DF553E28C61DA10086D115;
			remoteInfo = INTRO;
		};
		E4DF555A28C61DA20086D115 /* PBXContainerItemProxy */ = {
			isa = PBXContainerItemProxy;
			containerPortal = E4DF553728C61DA10086D115 /* Project object */;
			proxyType = 1;
			remoteGlobalIDString = E4DF553E28C61DA10086D115;
			remoteInfo = INTRO;
		};
/* End PBXContainerItemProxy section */

/* Begin PBXFileReference section */
		E4DF553F28C61DA10086D115 /* INTRO.app */ = {isa = PBXFileReference; explicitFileType = wrapper.application; includeInIndex = 0; path = INTRO.app; sourceTree = BUILT_PRODUCTS_DIR; };
		E4DF554228C61DA10086D115 /* INTROApp.swift */ = {isa = PBXFileReference; lastKnownFileType = sourcecode.swift; path = INTROApp.swift; sourceTree = "<group>"; };
		E4DF554428C61DA10086D115 /* ContentView.swift */ = {isa = PBXFileReference; lastKnownFileType = sourcecode.swift; path = ContentView.swift; sourceTree = "<group>"; };
		E4DF554628C61DA20086D115 /* Assets.xcassets */ = {isa = PBXFileReference; lastKnownFileType = folder.assetcatalog; path = Assets.xcassets; sourceTree = "<group>"; };
		E4DF554928C61DA20086D115 /* Preview Assets.xcassets */ = {isa = PBXFileReference; lastKnownFileType = folder.assetcatalog; path = "Preview Assets.xcassets"; sourceTree = "<group>"; };
		E4DF554F28C61DA20086D115 /* INTROTests.xctest */ = {isa = PBXFileReference; explicitFileType = wrapper.cfbundle; includeInIndex = 0; path = INTROTests.xctest; sourceTree = BUILT_PRODUCTS_DIR; };
		E4DF555328C61DA20086D115 /* INTROTests.swift */ = {isa = PBXFileReference; lastKnownFileType = sourcecode.swift; path = INTROTests.swift; sourceTree = "<group>"; };
		E4DF555928C61DA20086D115 /* INTROUITests.xctest */ = {isa = PBXFileReference; explicitFileType = wrapper.cfbundle; includeInIndex = 0; path = INTROUITests.xctest; sourceTree = BUILT_PRODUCTS_DIR; };
		E4DF555D28C61DA20086D115 /* INTROUITests.swift */ = {isa = PBXFileReference; lastKnownFileType = sourcecode.swift; path = INTROUITests.swift; sourceTree = "<group>"; };
		E4DF555F28C61DA20086D115 /* INTROUITestsLaunchTests.swift */ = {isa = PBXFileReference; lastKnownFileType = sourcecode.swift; path = INTROUITestsLaunchTests.swift; sourceTree = "<group>"; };
/* End PBXFileReference section */

/* Begin PBXFrameworksBuildPhase section */
		E4DF553C28C61DA10086D115 /* Frameworks */ = {
			isa = PBXFrameworksBuildPhase;
			buildActionMask = 2147483647;
			files = (
			);
			runOnlyForDeploymentPostprocessing = 0;
		};
		E4DF554C28C61DA20086D115 /* Frameworks */ = {
			isa = PBXFrameworksBuildPhase;
			buildActionMask = 2147483647;
			files = (
			);
			runOnlyForDeploymentPostprocessing = 0;
		};
		E4DF555628C61DA20086D115 /* Frameworks */ = {
			isa = PBXFrameworksBuildPhase;
			buildActionMask = 2147483647;
			files = (
			);
			runOnlyForDeploymentPostprocessing = 0;
		};
/* End PBXFrameworksBuildPhase section */

/* Begin PBXGroup section */
		E4DF553628C61DA10086D115 = {
			isa = PBXGroup;
			children = (
				E4DF554128C61DA10086D115 /* INTRO */,
				E4DF555228C61DA20086D115 /* INTROTests */,
				E4DF555C28C61DA20086D115 /* INTROUITests */,
				E4DF554028C61DA10086D115 /* Products */,
			);
			sourceTree = "<group>";
		};
		E4DF554028C61DA10086D115 /* Products */ = {
			isa = PBXGroup;
			children = (
				E4DF553F28C61DA10086D115 /* INTRO.app */,
				E4DF554F28C61DA20086D115 /* INTROTests.xctest */,
				E4DF555928C61DA20086D115 /* INTROUITests.xctest */,
			);
			name = Products;
			sourceTree = "<group>";
		};
		E4DF554128C61DA10086D115 /* INTRO */ = {
			isa = PBXGroup;
			children = (
				E4DF554228C61DA10086D115 /* INTROApp.swift */,
				E4DF554428C61DA10086D115 /* ContentView.swift */,
				E4DF554628C61DA20086D115 /* Assets.xcassets */,
				E4DF554828C61DA20086D115 /* Preview Content */,
			);
			path = INTRO;
			sourceTree = "<group>";
		};
		E4DF554828C61DA20086D115 /* Preview Content */ = {
			isa = PBXGroup;
			children = (
				E4DF554928C61DA20086D115 /* Preview Assets.xcassets */,
			);
			path = "Preview Content";
			sourceTree = "<group>";
		};
		E4DF555228C61DA20086D115 /* INTROTests */ = {
			isa = PBXGroup;
			children = (
				E4DF555328C61DA20086D115 /* INTROTests.swift */,
			);
			path = INTROTests;
			sourceTree = "<group>";
		};
		E4DF555C28C61DA20086D115 /* INTROUITests */ = {
			isa = PBXGroup;
			children = (
				E4DF555D28C61DA20086D115 /* INTROUITests.swift */,
				E4DF555F28C61DA20086D115 /* INTROUITestsLaunchTests.swift */,
			);
			path = INTROUITests;
			sourceTree = "<group>";
		};
/* End PBXGroup section */

/* Begin PBXNativeTarget section */
		E4DF553E28C61DA10086D115 /* INTRO */ = {
			isa = PBXNativeTarget;
			buildConfigurationList = E4DF556328C61DA20086D115 /* Build configuration list for PBXNativeTarget "INTRO" */;
			buildPhases = (
				E4DF553B28C61DA10086D115 /* Sources */,
				E4DF553C28C61DA10086D115 /* Frameworks */,
				E4DF553D28C61DA10086D115 /* Resources */,
			);
			buildRules = (
			);
			dependencies = (
			);
			name = INTRO;
			productName = INTRO;
			productReference = E4DF553F28C61DA10086D115 /* INTRO.app */;
			productType = "com.apple.product-type.application";
		};
		E4DF554E28C61DA20086D115 /* INTROTests */ = {
			isa = PBXNativeTarget;
			buildConfigurationList = E4DF556628C61DA20086D115 /* Build configuration list for PBXNativeTarget "INTROTests" */;
			buildPhases = (
				E4DF554B28C61DA20086D115 /* Sources */,
				E4DF554C28C61DA20086D115 /* Frameworks */,
				E4DF554D28C61DA20086D115 /* Resources */,
			);
			buildRules = (
			);
			dependencies = (
				E4DF555128C61DA20086D115 /* PBXTargetDependency */,
			);
			name = INTROTests;
			productName = INTROTests;
			productReference = E4DF554F28C61DA20086D115 /* INTROTests.xctest */;
			productType = "com.apple.product-type.bundle.unit-test";
		};
		E4DF555828C61DA20086D115 /* INTROUITests */ = {
			isa = PBXNativeTarget;
			buildConfigurationList = E4DF556928C61DA20086D115 /* Build configuration list for PBXNativeTarget "INTROUITests" */;
			buildPhases = (
				E4DF555528C61DA20086D115 /* Sources */,
				E4DF555628C61DA20086D115 /* Frameworks */,
				E4DF555728C61DA20086D115 /* Resources */,
			);
			buildRules = (
			);
			dependencies = (
				E4DF555B28C61DA20086D115 /* PBXTargetDependency */,
			);
			name = INTROUITests;
			productName = INTROUITests;
			productReference = E4DF555928C61DA20086D115 /* INTROUITests.xctest */;
			productType = "com.apple.product-type.bundle.ui-testing";
		};
/* End PBXNativeTarget section */

/* Begin PBXProject section */
		E4DF553728C61DA10086D115 /* Project object */ = {
			isa = PBXProject;
			attributes = {
				BuildIndependentTargetsInParallel = 1;
				LastSwiftUpdateCheck = 1340;
				LastUpgradeCheck = 1340;
				TargetAttributes = {
					E4DF553E28C61DA10086D115 = {
						CreatedOnToolsVersion = 13.4.1;
					};
					E4DF554E28C61DA20086D115 = {
						CreatedOnToolsVersion = 13.4.1;
						TestTargetID = E4DF553E28C61DA10086D115;
					};
					E4DF555828C61DA20086D115 = {
						CreatedOnToolsVersion = 13.4.1;
						TestTargetID = E4DF553E28C61DA10086D115;
					};
				};
			};
			buildConfigurationList = E4DF553A28C61DA10086D115 /* Build configuration list for PBXProject "INTRO" */;
			compatibilityVersion = "Xcode 13.0";
			developmentRegion = en;
			hasScannedForEncodings = 0;
			knownRegions = (
				en,
				Base,
			);
			mainGroup = E4DF553628C61DA10086D115;
			productRefGroup = E4DF554028C61DA10086D115 /* Products */;
			projectDirPath = "";
			projectRoot = "";
			targets = (
				E4DF553E28C61DA10086D115 /* INTRO */,
				E4DF554E28C61DA20086D115 /* INTROTests */,
				E4DF555828C61DA20086D115 /* INTROUITests */,
			);
		};
/* End PBXProject section */

/* Begin PBXResourcesBuildPhase section */
		E4DF553D28C61DA10086D115 /* Resources */ = {
			isa = PBXResourcesBuildPhase;
			buildActionMask = 2147483647;
			files = (
				E4DF554A28C61DA20086D115 /* Preview Assets.xcassets in Resources */,
				E4DF554728C61DA20086D115 /* Assets.xcassets in Resources */,
			);
			runOnlyForDeploymentPostprocessing = 0;
		};
		E4DF554D28C61DA20086D115 /* Resources */ = {
			isa = PBXResourcesBuildPhase;
			buildActionMask = 2147483647;
			files = (
			);
			runOnlyForDeploymentPostprocessing = 0;
		};
		E4DF555728C61DA20086D115 /* Resources */ = {
			isa = PBXResourcesBuildPhase;
			buildActionMask = 2147483647;
			files = (
			);
			runOnlyForDeploymentPostprocessing = 0;
		};
/* End PBXResourcesBuildPhase section */

/* Begin PBXSourcesBuildPhase section */
		E4DF553B28C61DA10086D115 /* Sources */ = {
			isa = PBXSourcesBuildPhase;
			buildActionMask = 2147483647;
			files = (
				E4DF554528C61DA10086D115 /* ContentView.swift in Sources */,
				E4DF554328C61DA10086D115 /* INTROApp.swift in Sources */,
			);
			runOnlyForDeploymentPostprocessing = 0;
		};
		E4DF554B28C61DA20086D115 /* Sources */ = {
			isa = PBXSourcesBuildPhase;
			buildActionMask = 2147483647;
			files = (
				E4DF555428C61DA20086D115 /* INTROTests.swift in Sources */,
			);
			runOnlyForDeploymentPostprocessing = 0;
		};
		E4DF555528C61DA20086D115 /* Sources */ = {
			isa = PBXSourcesBuildPhase;
			buildActionMask = 2147483647;
			files = (
				E4DF555E28C61DA20086D115 /* INTROUITests.swift in Sources */,
				E4DF556028C61DA20086D115 /* INTROUITestsLaunchTests.swift in Sources */,
			);
			runOnlyForDeploymentPostprocessing = 0;
		};
/* End PBXSourcesBuildPhase section */

/* Begin PBXTargetDependency section */
		E4DF555128C61DA20086D115 /* PBXTargetDependency */ = {
			isa = PBXTargetDependency;
			target = E4DF553E28C61DA10086D115 /* INTRO */;
			targetProxy = E4DF555028C61DA20086D115 /* PBXContainerItemProxy */;
		};
		E4DF555B28C61DA20086D115 /* PBXTargetDependency */ = {
			isa = PBXTargetDependency;
			target = E4DF553E28C61DA10086D115 /* INTRO */;
			targetProxy = E4DF555A28C61DA20086D115 /* PBXContainerItemProxy */;
		};
/* End PBXTargetDependency section */

/* Begin XCBuildConfiguration section */
		E4DF556128C61DA20086D115 /* Debug */ = {
			isa = XCBuildConfiguration;
			buildSettings = {
				ALWAYS_SEARCH_USER_PATHS = NO;
				CLANG_ANALYZER_NONNULL = YES;
				CLANG_ANALYZER_NUMBER_OBJECT_CONVERSION = YES_AGGRESSIVE;
				CLANG_CXX_LANGUAGE_STANDARD = "gnu++17";
				CLANG_ENABLE_MODULES = YES;
				CLANG_ENABLE_OBJC_ARC = YES;
				CLANG_ENABLE_OBJC_WEAK = YES;
				CLANG_WARN_BLOCK_CAPTURE_AUTORELEASING = YES;
				CLANG_WARN_BOOL_CONVERSION = YES;
				CLANG_WARN_COMMA = YES;
				CLANG_WARN_CONSTANT_CONVERSION = YES;
				CLANG_WARN_DEPRECATED_OBJC_IMPLEMENTATIONS = YES;
				CLANG_WARN_DIRECT_OBJC_ISA_USAGE = YES_ERROR;
				CLANG_WARN_DOCUMENTATION_COMMENTS = YES;
				CLANG_WARN_EMPTY_BODY = YES;
				CLANG_WARN_ENUM_CONVERSION = YES;
				CLANG_WARN_INFINITE_RECURSION = YES;
				CLANG_WARN_INT_CONVERSION = YES;
				CLANG_WARN_NON_LITERAL_NULL_CONVERSION = YES;
				CLANG_WARN_OBJC_IMPLICIT_RETAIN_SELF = YES;
				CLANG_WARN_OBJC_LITERAL_CONVERSION = YES;
				CLANG_WARN_OBJC_ROOT_CLASS = YES_ERROR;
				CLANG_WARN_QUOTED_INCLUDE_IN_FRAMEWORK_HEADER = YES;
				CLANG_WARN_RANGE_LOOP_ANALYSIS = YES;
				CLANG_WARN_STRICT_PROTOTYPES = YES;
				CLANG_WARN_SUSPICIOUS_MOVE = YES;
				CLANG_WARN_UNGUARDED_AVAILABILITY = YES_AGGRESSIVE;
				CLANG_WARN_UNREACHABLE_CODE = YES;
				CLANG_WARN__DUPLICATE_METHOD_MATCH = YES;
				COPY_PHASE_STRIP = NO;
				DEBUG_INFORMATION_FORMAT = dwarf;
				ENABLE_STRICT_OBJC_MSGSEND = YES;
				ENABLE_TESTABILITY = YES;
				GCC_C_LANGUAGE_STANDARD = gnu11;
				GCC_DYNAMIC_NO_PIC = NO;
				GCC_NO_COMMON_BLOCKS = YES;
				GCC_OPTIMIZATION_LEVEL = 0;
				GCC_PREPROCESSOR_DEFINITIONS = (
					"DEBUG=1",
					"$(inherited)",
				);
				GCC_WARN_64_TO_32_BIT_CONVERSION = YES;
				GCC_WARN_ABOUT_RETURN_TYPE = YES_ERROR;
				GCC_WARN_UNDECLARED_SELECTOR = YES;
				GCC_WARN_UNINITIALIZED_AUTOS = YES_AGGRESSIVE;
				GCC_WARN_UNUSED_FUNCTION = YES;
				GCC_WARN_UNUSED_VARIABLE = YES;
				IPHONEOS_DEPLOYMENT_TARGET = 15.5;
				MTL_ENABLE_DEBUG_INFO = INCLUDE_SOURCE;
				MTL_FAST_MATH = YES;
				ONLY_ACTIVE_ARCH = YES;
				SDKROOT = iphoneos;
				SWIFT_ACTIVE_COMPILATION_CONDITIONS = DEBUG;
				SWIFT_OPTIMIZATION_LEVEL = "-Onone";
			};
			name = Debug;
		};
		E4DF556228C61DA20086D115 /* Release */ = {
			isa = XCBuildConfiguration;
			buildSettings = {
				ALWAYS_SEARCH_USER_PATHS = NO;
				CLANG_ANALYZER_NONNULL = YES;
				CLANG_ANALYZER_NUMBER_OBJECT_CONVERSION = YES_AGGRESSIVE;
				CLANG_CXX_LANGUAGE_STANDARD = "gnu++17";
				CLANG_ENABLE_MODULES = YES;
				CLANG_ENABLE_OBJC_ARC = YES;
				CLANG_ENABLE_OBJC_WEAK = YES;
				CLANG_WARN_BLOCK_CAPTURE_AUTORELEASING = YES;
				CLANG_WARN_BOOL_CONVERSION = YES;
				CLANG_WARN_COMMA = YES;
				CLANG_WARN_CONSTANT_CONVERSION = YES;
				CLANG_WARN_DEPRECATED_OBJC_IMPLEMENTATIONS = YES;
				CLANG_WARN_DIRECT_OBJC_ISA_USAGE = YES_ERROR;
				CLANG_WARN_DOCUMENTATION_COMMENTS = YES;
				CLANG_WARN_EMPTY_BODY = YES;
				CLANG_WARN_ENUM_CONVERSION = YES;
				CLANG_WARN_INFINITE_RECURSION = YES;
				CLANG_WARN_INT_CONVERSION = YES;
				CLANG_WARN_NON_LITERAL_NULL_CONVERSION = YES;
				CLANG_WARN_OBJC_IMPLICIT_RETAIN_SELF = YES;
				CLANG_WARN_OBJC_LITERAL_CONVERSION = YES;
				CLANG_WARN_OBJC_ROOT_CLASS = YES_ERROR;
				CLANG_WARN_QUOTED_INCLUDE_IN_FRAMEWORK_HEADER = YES;
				CLANG_WARN_RANGE_LOOP_ANALYSIS = YES;
				CLANG_WARN_STRICT_PROTOTYPES = YES;
				CLANG_WARN_SUSPICIOUS_MOVE = YES;
				CLANG_WARN_UNGUARDED_AVAILABILITY = YES_AGGRESSIVE;
				CLANG_WARN_UNREACHABLE_CODE = YES;
				CLANG_WARN__DUPLICATE_METHOD_MATCH = YES;
				COPY_PHASE_STRIP = NO;
				DEBUG_INFORMATION_FORMAT = "dwarf-with-dsym";
				ENABLE_NS_ASSERTIONS = NO;
				ENABLE_STRICT_OBJC_MSGSEND = YES;
				GCC_C_LANGUAGE_STANDARD = gnu11;
				GCC_NO_COMMON_BLOCKS = YES;
				GCC_WARN_64_TO_32_BIT_CONVERSION = YES;
				GCC_WARN_ABOUT_RETURN_TYPE = YES_ERROR;
				GCC_WARN_UNDECLARED_SELECTOR = YES;
				GCC_WARN_UNINITIALIZED_AUTOS = YES_AGGRESSIVE;
				GCC_WARN_UNUSED_FUNCTION = YES;
				GCC_WARN_UNUSED_VARIABLE = YES;
				IPHONEOS_DEPLOYMENT_TARGET = 15.5;
				MTL_ENABLE_DEBUG_INFO = NO;
				MTL_FAST_MATH = YES;
				SDKROOT = iphoneos;
				SWIFT_COMPILATION_MODE = wholemodule;
				SWIFT_OPTIMIZATION_LEVEL = "-O";
				VALIDATE_PRODUCT = YES;
			};
			name = Release;
		};
		E4DF556428C61DA20086D115 /* Debug */ = {
			isa = XCBuildConfiguration;
			buildSettings = {
				ASSETCATALOG_COMPILER_APPICON_NAME = AppIcon;
				ASSETCATALOG_COMPILER_GLOBAL_ACCENT_COLOR_NAME = AccentColor;
				CODE_SIGN_STYLE = Automatic;
				CURRENT_PROJECT_VERSION = 1;
				DEVELOPMENT_ASSET_PATHS = "\"INTRO/Preview Content\"";
				DEVELOPMENT_TEAM = BY747ABVKW;
				ENABLE_PREVIEWS = YES;
				GENERATE_INFOPLIST_FILE = YES;
				INFOPLIST_KEY_UIApplicationSceneManifest_Generation = YES;
				INFOPLIST_KEY_UIApplicationSupportsIndirectInputEvents = YES;
				INFOPLIST_KEY_UILaunchScreen_Generation = YES;
				INFOPLIST_KEY_UISupportedInterfaceOrientations = UIInterfaceOrientationPortrait;
				INFOPLIST_KEY_UISupportedInterfaceOrientations_iPad = "UIInterfaceOrientationPortrait UIInterfaceOrientationPortraitUpsideDown UIInterfaceOrientationLandscapeLeft UIInterfaceOrientationLandscapeRight";
				INFOPLIST_KEY_UISupportedInterfaceOrientations_iPhone = "UIInterfaceOrientationPortrait UIInterfaceOrientationLandscapeLeft UIInterfaceOrientationLandscapeRight";
				LD_RUNPATH_SEARCH_PATHS = (
					"$(inherited)",
					"@executable_path/Frameworks",
				);
				MARKETING_VERSION = 1.0;
				PRODUCT_BUNDLE_IDENTIFIER = EZ.INTRO;
				PRODUCT_NAME = "$(TARGET_NAME)";
				SWIFT_EMIT_LOC_STRINGS = YES;
				SWIFT_VERSION = 5.0;
				TARGETED_DEVICE_FAMILY = "1,2";
			};
			name = Debug;
		};
		E4DF556528C61DA20086D115 /* Release */ = {
			isa = XCBuildConfiguration;
			buildSettings = {
				ASSETCATALOG_COMPILER_APPICON_NAME = AppIcon;
				ASSETCATALOG_COMPILER_GLOBAL_ACCENT_COLOR_NAME = AccentColor;
				CODE_SIGN_STYLE = Automatic;
				CURRENT_PROJECT_VERSION = 1;
				DEVELOPMENT_ASSET_PATHS = "\"INTRO/Preview Content\"";
				DEVELOPMENT_TEAM = BY747ABVKW;
				ENABLE_PREVIEWS = YES;
				GENERATE_INFOPLIST_FILE = YES;
				INFOPLIST_KEY_UIApplicationSceneManifest_Generation = YES;
				INFOPLIST_KEY_UIApplicationSupportsIndirectInputEvents = YES;
				INFOPLIST_KEY_UILaunchScreen_Generation = YES;
				INFOPLIST_KEY_UISupportedInterfaceOrientations = UIInterfaceOrientationPortrait;
				INFOPLIST_KEY_UISupportedInterfaceOrientations_iPad = "UIInterfaceOrientationPortrait UIInterfaceOrientationPortraitUpsideDown UIInterfaceOrientationLandscapeLeft UIInterfaceOrientationLandscapeRight";
				INFOPLIST_KEY_UISupportedInterfaceOrientations_iPhone = "UIInterfaceOrientationPortrait UIInterfaceOrientationLandscapeLeft UIInterfaceOrientationLandscapeRight";
				LD_RUNPATH_SEARCH_PATHS = (
					"$(inherited)",
					"@executable_path/Frameworks",
				);
				MARKETING_VERSION = 1.0;
				PRODUCT_BUNDLE_IDENTIFIER = EZ.INTRO;
				PRODUCT_NAME = "$(TARGET_NAME)";
				SWIFT_EMIT_LOC_STRINGS = YES;
				SWIFT_VERSION = 5.0;
				TARGETED_DEVICE_FAMILY = "1,2";
			};
			name = Release;
		};
		E4DF556728C61DA20086D115 /* Debug */ = {
			isa = XCBuildConfiguration;
			buildSettings = {
				ALWAYS_EMBED_SWIFT_STANDARD_LIBRARIES = YES;
				BUNDLE_LOADER = "$(TEST_HOST)";
				CODE_SIGN_STYLE = Automatic;
				CURRENT_PROJECT_VERSION = 1;
				DEVELOPMENT_TEAM = BY747ABVKW;
				GENERATE_INFOPLIST_FILE = YES;
				IPHONEOS_DEPLOYMENT_TARGET = 15.5;
				MARKETING_VERSION = 1.0;
				PRODUCT_BUNDLE_IDENTIFIER = EZ.INTROTests;
				PRODUCT_NAME = "$(TARGET_NAME)";
				SWIFT_EMIT_LOC_STRINGS = NO;
				SWIFT_VERSION = 5.0;
				TARGETED_DEVICE_FAMILY = "1,2";
				TEST_HOST = "$(BUILT_PRODUCTS_DIR)/INTRO.app/INTRO";
			};
			name = Debug;
		};
		E4DF556828C61DA20086D115 /* Release */ = {
			isa = XCBuildConfiguration;
			buildSettings = {
				ALWAYS_EMBED_SWIFT_STANDARD_LIBRARIES = YES;
				BUNDLE_LOADER = "$(TEST_HOST)";
				CODE_SIGN_STYLE = Automatic;
				CURRENT_PROJECT_VERSION = 1;
				DEVELOPMENT_TEAM = BY747ABVKW;
				GENERATE_INFOPLIST_FILE = YES;
				IPHONEOS_DEPLOYMENT_TARGET = 15.5;
				MARKETING_VERSION = 1.0;
				PRODUCT_BUNDLE_IDENTIFIER = EZ.INTROTests;
				PRODUCT_NAME = "$(TARGET_NAME)";
				SWIFT_EMIT_LOC_STRINGS = NO;
				SWIFT_VERSION = 5.0;
				TARGETED_DEVICE_FAMILY = "1,2";
				TEST_HOST = "$(BUILT_PRODUCTS_DIR)/INTRO.app/INTRO";
			};
			name = Release;
		};
		E4DF556A28C61DA20086D115 /* Debug */ = {
			isa = XCBuildConfiguration;
			buildSettings = {
				ALWAYS_EMBED_SWIFT_STANDARD_LIBRARIES = YES;
				CODE_SIGN_STYLE = Automatic;
				CURRENT_PROJECT_VERSION = 1;
				DEVELOPMENT_TEAM = BY747ABVKW;
				GENERATE_INFOPLIST_FILE = YES;
				MARKETING_VERSION = 1.0;
				PRODUCT_BUNDLE_IDENTIFIER = EZ.INTROUITests;
				PRODUCT_NAME = "$(TARGET_NAME)";
				SWIFT_EMIT_LOC_STRINGS = NO;
				SWIFT_VERSION = 5.0;
				TARGETED_DEVICE_FAMILY = "1,2";
				TEST_TARGET_NAME = INTRO;
			};
			name = Debug;
		};
		E4DF556B28C61DA20086D115 /* Release */ = {
			isa = XCBuildConfiguration;
			buildSettings = {
				ALWAYS_EMBED_SWIFT_STANDARD_LIBRARIES = YES;
				CODE_SIGN_STYLE = Automatic;
				CURRENT_PROJECT_VERSION = 1;
				DEVELOPMENT_TEAM = BY747ABVKW;
				GENERATE_INFOPLIST_FILE = YES;
				MARKETING_VERSION = 1.0;
				PRODUCT_BUNDLE_IDENTIFIER = EZ.INTROUITests;
				PRODUCT_NAME = "$(TARGET_NAME)";
				SWIFT_EMIT_LOC_STRINGS = NO;
				SWIFT_VERSION = 5.0;
				TARGETED_DEVICE_FAMILY = "1,2";
				TEST_TARGET_NAME = INTRO;
			};
			name = Release;
		};
/* End XCBuildConfiguration section */

/* Begin XCConfigurationList section */
		E4DF553A28C61DA10086D115 /* Build configuration list for PBXProject "INTRO" */ = {
			isa = XCConfigurationList;
			buildConfigurations = (
				E4DF556128C61DA20086D115 /* Debug */,
				E4DF556228C61DA20086D115 /* Release */,
			);
			defaultConfigurationIsVisible = 0;
			defaultConfigurationName = Release;
		};
		E4DF556328C61DA20086D115 /* Build configuration list for PBXNativeTarget "INTRO" */ = {
			isa = XCConfigurationList;
			buildConfigurations = (
				E4DF556428C61DA20086D115 /* Debug */,
				E4DF556528C61DA20086D115 /* Release */,
			);
			defaultConfigurationIsVisible = 0;
			defaultConfigurationName = Release;
		};
		E4DF556628C61DA20086D115 /* Build configuration list for PBXNativeTarget "INTROTests" */ = {
			isa = XCConfigurationList;
			buildConfigurations = (
				E4DF556728C61DA20086D115 /* Debug */,
				E4DF556828C61DA20086D115 /* Release */,
			);
			defaultConfigurationIsVisible = 0;
			defaultConfigurationName = Release;
		};
		E4DF556928C61DA20086D115 /* Build configuration list for PBXNativeTarget "INTROUITests" */ = {
			isa = XCConfigurationList;
			buildConfigurations = (
				E4DF556A28C61DA20086D115 /* Debug */,
				E4DF556B28C61DA20086D115 /* Release */,
			);
			defaultConfigurationIsVisible = 0;
			defaultConfigurationName = Release;
		};
/* End XCConfigurationList section */
	};
	rootObject = E4DF553728C61DA10086D115 /* Project object */;
}
